
Microsoft Visual Studio Solution File, Format Version 12.00
# Visual Studio Version 17
VisualStudioVersion = 17.5.33424.131
MinimumVisualStudioVersion = 10.0.40219.1
Project("{9A19103F-16F7-4668-BE54-9A1E7A4F7556}") = "Cindra", "Cindra.csproj", "{86C3B641-7D31-4F73-91E6-C18AD6B5BAAE}"
EndProject
Project("{FAE04EC0-301F-11D3-BF4B-00C04F79EFBC}") = "CindraTest", "..\CindraTest\CindraTest.csproj", "{743345FD-4D04-4CD2-85A6-5CD97BBC1453}"
	ProjectSection(ProjectDependencies) = postProject
		{86C3B641-7D31-4F73-91E6-C18AD6B5BAAE} = {86C3B641-7D31-4F73-91E6-C18AD6B5BAAE}
	EndProjectSection
EndProject
Global
	GlobalSection(SolutionConfigurationPlatforms) = preSolution
		Debug|Any CPU = Debug|Any CPU
		Release|Any CPU = Release|Any CPU
	EndGlobalSection
	GlobalSection(ProjectConfigurationPlatforms) = postSolution
		{86C3B641-7D31-4F73-91E6-C18AD6B5BAAE}.Debug|Any CPU.ActiveCfg = Debug|Any CPU
		{86C3B641-7D31-4F73-91E6-C18AD6B5BAAE}.Debug|Any CPU.Build.0 = Debug|Any CPU
		{86C3B641-7D31-4F73-91E6-C18AD6B5BAAE}.Release|Any CPU.ActiveCfg = Release|Any CPU
		{86C3B641-7D31-4F73-91E6-C18AD6B5BAAE}.Release|Any CPU.Build.0 = Release|Any CPU
		{743345FD-4D04-4CD2-85A6-5CD97BBC1453}.Debug|Any CPU.ActiveCfg = Debug|Any CPU
		{743345FD-4D04-4CD2-85A6-5CD97BBC1453}.Debug|Any CPU.Build.0 = Debug|Any CPU
		{743345FD-4D04-4CD2-85A6-5CD97BBC1453}.Release|Any CPU.ActiveCfg = Release|Any CPU
		{743345FD-4D04-4CD2-85A6-5CD97BBC1453}.Release|Any CPU.Build.0 = Release|Any CPU
	EndGlobalSection
	GlobalSection(SolutionProperties) = preSolution
		HideSolutionNode = FALSE
	EndGlobalSection
	GlobalSection(ExtensibilityGlobals) = postSolution
		SolutionGuid = {3326A07C-BB65-47A3-910C-F4E7F8BD3DFE}
	EndGlobalSection
EndGlobal
